
Microsoft Visual Studio Solution File, Format Version 12.00
# Visual Studio Version 17
VisualStudioVersion = 17.7.34024.191
MinimumVisualStudioVersion = 10.0.40219.1
Project("{FAE04EC0-301F-11D3-BF4B-00C04F79EFBC}") = "LED_MATRIX", "LED_MATRIX\LED_MATRIX.csproj", "{C9E155A3-BC8A-4312-B11A-78F53582F57E}"
EndProject
Global
	GlobalSection(SolutionConfigurationPlatforms) = preSolution
		Debug|Any CPU = Debug|Any CPU
		Release|Any CPU = Release|Any CPU
	EndGlobalSection
	GlobalSection(ProjectConfigurationPlatforms) = postSolution
		{C9E155A3-BC8A-4312-B11A-78F53582F57E}.Debug|Any CPU.ActiveCfg = Debug|Any CPU
		{C9E155A3-BC8A-4312-B11A-78F53582F57E}.Debug|Any CPU.Build.0 = Debug|Any CPU
		{C9E155A3-BC8A-4312-B11A-78F53582F57E}.Release|Any CPU.ActiveCfg = Release|Any CPU
		{C9E155A3-BC8A-4312-B11A-78F53582F57E}.Release|Any CPU.Build.0 = Release|Any CPU
	EndGlobalSection
	GlobalSection(SolutionProperties) = preSolution
		HideSolutionNode = FALSE
	EndGlobalSection
	GlobalSection(ExtensibilityGlobals) = postSolution
		SolutionGuid = {A3FAF452-283F-437C-AB5C-17B36B906D10}
	EndGlobalSection
EndGlobal
